// !$*UTF8*$!
{
	archiveVersion = 1;
	classes = {
	};
	objectVersion = 56;
	objects = {

/* Begin PBXBuildFile section */
		251EF6D22944ABBE0010F5C1 /* AppDelegate.swift in Sources */ = {isa = PBXBuildFile; fileRef = 251EF6D12944ABBE0010F5C1 /* AppDelegate.swift */; };
		251EF6D42944ABBE0010F5C1 /* SceneDelegate.swift in Sources */ = {isa = PBXBuildFile; fileRef = 251EF6D32944ABBE0010F5C1 /* SceneDelegate.swift */; };
		251EF6D62944ABBE0010F5C1 /* MainTabBarController.swift in Sources */ = {isa = PBXBuildFile; fileRef = 251EF6D52944ABBE0010F5C1 /* MainTabBarController.swift */; };
		251EF6D92944ABBE0010F5C1 /* Main.storyboard in Resources */ = {isa = PBXBuildFile; fileRef = 251EF6D72944ABBE0010F5C1 /* Main.storyboard */; };
		251EF6DB2944ABC10010F5C1 /* Assets.xcassets in Resources */ = {isa = PBXBuildFile; fileRef = 251EF6DA2944ABC10010F5C1 /* Assets.xcassets */; };
		251EF6DE2944ABC10010F5C1 /* LaunchScreen.storyboard in Resources */ = {isa = PBXBuildFile; fileRef = 251EF6DC2944ABC10010F5C1 /* LaunchScreen.storyboard */; };
		252A5E62297FDA4B007376C1 /* FavoriteTableViewCell.swift in Sources */ = {isa = PBXBuildFile; fileRef = 252A5E60297FDA4B007376C1 /* FavoriteTableViewCell.swift */; };
		252A5E63297FDA4B007376C1 /* FavoriteTableViewCell.xib in Resources */ = {isa = PBXBuildFile; fileRef = 252A5E61297FDA4B007376C1 /* FavoriteTableViewCell.xib */; };
		25326ABA2977E66400A18EB8 /* CasTableViewCell.swift in Sources */ = {isa = PBXBuildFile; fileRef = 25326AB82977E66400A18EB8 /* CasTableViewCell.swift */; };
		25326ABB2977E66400A18EB8 /* CasTableViewCell.xib in Resources */ = {isa = PBXBuildFile; fileRef = 25326AB92977E66400A18EB8 /* CasTableViewCell.xib */; };
		25326ABD297A99E500A18EB8 /* FavoriteTableView.swift in Sources */ = {isa = PBXBuildFile; fileRef = 25326ABC297A99E500A18EB8 /* FavoriteTableView.swift */; };
		254D635D295A928400A8370A /* ApparelDataModel.swift in Sources */ = {isa = PBXBuildFile; fileRef = 254D635C295A928400A8370A /* ApparelDataModel.swift */; };
		254D6361295A9B1C00A8370A /* FormalTableViewCell.xib in Resources */ = {isa = PBXBuildFile; fileRef = 254D635F295A9B1C00A8370A /* FormalTableViewCell.xib */; };
		254D6364295AF51500A8370A /* FormalTableViewCell.swift in Sources */ = {isa = PBXBuildFile; fileRef = 254D6362295AF51500A8370A /* FormalTableViewCell.swift */; };
		254D6367295AF61100A8370A /* FormalTableViewController.swift in Sources */ = {isa = PBXBuildFile; fileRef = 254D6366295AF61100A8370A /* FormalTableViewController.swift */; };
		254D6369295B2F2600A8370A /* CasualTableViewController.swift in Sources */ = {isa = PBXBuildFile; fileRef = 254D6368295B2F2600A8370A /* CasualTableViewController.swift */; };
		A55A3C378E916A29BA47283C /* Pods_NissyCode.framework in Frameworks */ = {isa = PBXBuildFile; fileRef = 700CEAAF62F22FFC39F0B241 /* Pods_NissyCode.framework */; };
/* End PBXBuildFile section */

/* Begin PBXFileReference section */
		251EF6CE2944ABBE0010F5C1 /* NissyCode.app */ = {isa = PBXFileReference; explicitFileType = wrapper.application; includeInIndex = 0; path = NissyCode.app; sourceTree = BUILT_PRODUCTS_DIR; };
		251EF6D12944ABBE0010F5C1 /* AppDelegate.swift */ = {isa = PBXFileReference; lastKnownFileType = sourcecode.swift; path = AppDelegate.swift; sourceTree = "<group>"; };
		251EF6D32944ABBE0010F5C1 /* SceneDelegate.swift */ = {isa = PBXFileReference; lastKnownFileType = sourcecode.swift; path = SceneDelegate.swift; sourceTree = "<group>"; };
		251EF6D52944ABBE0010F5C1 /* MainTabBarController.swift */ = {isa = PBXFileReference; lastKnownFileType = sourcecode.swift; path = MainTabBarController.swift; sourceTree = "<group>"; };
		251EF6D82944ABBE0010F5C1 /* Base */ = {isa = PBXFileReference; lastKnownFileType = file.storyboard; name = Base; path = Base.lproj/Main.storyboard; sourceTree = "<group>"; };
		251EF6DA2944ABC10010F5C1 /* Assets.xcassets */ = {isa = PBXFileReference; lastKnownFileType = folder.assetcatalog; path = Assets.xcassets; sourceTree = "<group>"; };
		251EF6DD2944ABC10010F5C1 /* Base */ = {isa = PBXFileReference; lastKnownFileType = file.storyboard; name = Base; path = Base.lproj/LaunchScreen.storyboard; sourceTree = "<group>"; };
		251EF6DF2944ABC10010F5C1 /* Info.plist */ = {isa = PBXFileReference; lastKnownFileType = text.plist.xml; path = Info.plist; sourceTree = "<group>"; };
		252A5E60297FDA4B007376C1 /* FavoriteTableViewCell.swift */ = {isa = PBXFileReference; lastKnownFileType = sourcecode.swift; path = FavoriteTableViewCell.swift; sourceTree = "<group>"; };
		252A5E61297FDA4B007376C1 /* FavoriteTableViewCell.xib */ = {isa = PBXFileReference; lastKnownFileType = file.xib; name = FavoriteTableViewCell.xib; path = ../C/FavoriteTableViewCell.xib; sourceTree = "<group>"; };
		25326AB82977E66400A18EB8 /* CasTableViewCell.swift */ = {isa = PBXFileReference; lastKnownFileType = sourcecode.swift; path = CasTableViewCell.swift; sourceTree = "<group>"; };
		25326AB92977E66400A18EB8 /* CasTableViewCell.xib */ = {isa = PBXFileReference; lastKnownFileType = file.xib; name = CasTableViewCell.xib; path = ../C/CasTableViewCell.xib; sourceTree = "<group>"; };
		25326ABC297A99E500A18EB8 /* FavoriteTableView.swift */ = {isa = PBXFileReference; lastKnownFileType = sourcecode.swift; path = FavoriteTableView.swift; sourceTree = "<group>"; };
		254D635C295A928400A8370A /* ApparelDataModel.swift */ = {isa = PBXFileReference; lastKnownFileType = sourcecode.swift; path = ApparelDataModel.swift; sourceTree = "<group>"; };
		254D635F295A9B1C00A8370A /* FormalTableViewCell.xib */ = {isa = PBXFileReference; lastKnownFileType = file.xib; path = FormalTableViewCell.xib; sourceTree = "<group>"; };
		254D6362295AF51500A8370A /* FormalTableViewCell.swift */ = {isa = PBXFileReference; lastKnownFileType = sourcecode.swift; path = FormalTableViewCell.swift; sourceTree = "<group>"; };
		254D6366295AF61100A8370A /* FormalTableViewController.swift */ = {isa = PBXFileReference; lastKnownFileType = sourcecode.swift; path = FormalTableViewController.swift; sourceTree = "<group>"; };
		254D6368295B2F2600A8370A /* CasualTableViewController.swift */ = {isa = PBXFileReference; lastKnownFileType = sourcecode.swift; path = CasualTableViewController.swift; sourceTree = "<group>"; };
		3E1702E693E644E57C5061D4 /* Pods-NissyCode.debug.xcconfig */ = {isa = PBXFileReference; includeInIndex = 1; lastKnownFileType = text.xcconfig; name = "Pods-NissyCode.debug.xcconfig"; path = "Target Support Files/Pods-NissyCode/Pods-NissyCode.debug.xcconfig"; sourceTree = "<group>"; };
		49DCB1FBB3B1CB46276A7060 /* Pods-NissyCode.release.xcconfig */ = {isa = PBXFileReference; includeInIndex = 1; lastKnownFileType = text.xcconfig; name = "Pods-NissyCode.release.xcconfig"; path = "Target Support Files/Pods-NissyCode/Pods-NissyCode.release.xcconfig"; sourceTree = "<group>"; };
		700CEAAF62F22FFC39F0B241 /* Pods_NissyCode.framework */ = {isa = PBXFileReference; explicitFileType = wrapper.framework; includeInIndex = 0; path = Pods_NissyCode.framework; sourceTree = BUILT_PRODUCTS_DIR; };
/* End PBXFileReference section */

/* Begin PBXFrameworksBuildPhase section */
		251EF6CB2944ABBE0010F5C1 /* Frameworks */ = {
			isa = PBXFrameworksBuildPhase;
			buildActionMask = 2147483647;
			files = (
				A55A3C378E916A29BA47283C /* Pods_NissyCode.framework in Frameworks */,
			);
			runOnlyForDeploymentPostprocessing = 0;
		};
/* End PBXFrameworksBuildPhase section */

/* Begin PBXGroup section */
		251EF6C52944ABBE0010F5C1 = {
			isa = PBXGroup;
			children = (
				251EF6D02944ABBE0010F5C1 /* NissyCode */,
				251EF6CF2944ABBE0010F5C1 /* Products */,
				E9582AC2D894D0A9264150F3 /* Pods */,
				C3576A3AEA13D6FBCC6B4E70 /* Frameworks */,
			);
			sourceTree = "<group>";
		};
		251EF6CF2944ABBE0010F5C1 /* Products */ = {
			isa = PBXGroup;
			children = (
				251EF6CE2944ABBE0010F5C1 /* NissyCode.app */,
			);
			name = Products;
			sourceTree = "<group>";
		};
		251EF6D02944ABBE0010F5C1 /* NissyCode */ = {
			isa = PBXGroup;
			children = (
				25DAFBC72973EABE00A79943 /* M */,
				25DAFBCA2973EB0300A79943 /* V */,
				25DAFBCB2973EB0D00A79943 /* C */,
				251EF6D12944ABBE0010F5C1 /* AppDelegate.swift */,
				251EF6D32944ABBE0010F5C1 /* SceneDelegate.swift */,
				251EF6DF2944ABC10010F5C1 /* Info.plist */,
			);
			path = NissyCode;
			sourceTree = "<group>";
		};
		25DAFBC72973EABE00A79943 /* M */ = {
			isa = PBXGroup;
			children = (
				254D635C295A928400A8370A /* ApparelDataModel.swift */,
			);
			path = M;
			sourceTree = "<group>";
		};
		25DAFBCA2973EB0300A79943 /* V */ = {
			isa = PBXGroup;
			children = (
				251EF6D72944ABBE0010F5C1 /* Main.storyboard */,
				252A5E61297FDA4B007376C1 /* FavoriteTableViewCell.xib */,
				254D635F295A9B1C00A8370A /* FormalTableViewCell.xib */,
				25326AB92977E66400A18EB8 /* CasTableViewCell.xib */,
				251EF6DC2944ABC10010F5C1 /* LaunchScreen.storyboard */,
				251EF6DA2944ABC10010F5C1 /* Assets.xcassets */,
			);
			path = V;
			sourceTree = "<group>";
		};
		25DAFBCB2973EB0D00A79943 /* C */ = {
			isa = PBXGroup;
			children = (
				25326ABC297A99E500A18EB8 /* FavoriteTableView.swift */,
				252A5E60297FDA4B007376C1 /* FavoriteTableViewCell.swift */,
				254D6366295AF61100A8370A /* FormalTableViewController.swift */,
				254D6362295AF51500A8370A /* FormalTableViewCell.swift */,
				254D6368295B2F2600A8370A /* CasualTableViewController.swift */,
				25326AB82977E66400A18EB8 /* CasTableViewCell.swift */,
				251EF6D52944ABBE0010F5C1 /* MainTabBarController.swift */,
			);
			path = C;
			sourceTree = "<group>";
		};
		C3576A3AEA13D6FBCC6B4E70 /* Frameworks */ = {
			isa = PBXGroup;
			children = (
				700CEAAF62F22FFC39F0B241 /* Pods_NissyCode.framework */,
			);
			name = Frameworks;
			sourceTree = "<group>";
		};
		E9582AC2D894D0A9264150F3 /* Pods */ = {
			isa = PBXGroup;
			children = (
				3E1702E693E644E57C5061D4 /* Pods-NissyCode.debug.xcconfig */,
				49DCB1FBB3B1CB46276A7060 /* Pods-NissyCode.release.xcconfig */,
			);
			path = Pods;
			sourceTree = "<group>";
		};
/* End PBXGroup section */

/* Begin PBXNativeTarget section */
		251EF6CD2944ABBE0010F5C1 /* NissyCode */ = {
			isa = PBXNativeTarget;
			buildConfigurationList = 251EF6E22944ABC10010F5C1 /* Build configuration list for PBXNativeTarget "NissyCode" */;
			buildPhases = (
				31EDC7300835F8DBDC7D3C06 /* [CP] Check Pods Manifest.lock */,
				251EF6CA2944ABBE0010F5C1 /* Sources */,
				251EF6CB2944ABBE0010F5C1 /* Frameworks */,
				251EF6CC2944ABBE0010F5C1 /* Resources */,
				FA4CCB99EAC8FB9C4BBC71DD /* [CP] Embed Pods Frameworks */,
			);
			buildRules = (
			);
			dependencies = (
			);
			name = NissyCode;
			productName = NissyCode;
			productReference = 251EF6CE2944ABBE0010F5C1 /* NissyCode.app */;
			productType = "com.apple.product-type.application";
		};
/* End PBXNativeTarget section */

/* Begin PBXProject section */
		251EF6C62944ABBE0010F5C1 /* Project object */ = {
			isa = PBXProject;
			attributes = {
				BuildIndependentTargetsInParallel = 1;
				LastSwiftUpdateCheck = 1410;
				LastUpgradeCheck = 1410;
				TargetAttributes = {
					251EF6CD2944ABBE0010F5C1 = {
						CreatedOnToolsVersion = 14.1;
					};
				};
			};
			buildConfigurationList = 251EF6C92944ABBE0010F5C1 /* Build configuration list for PBXProject "NissyCode" */;
			compatibilityVersion = "Xcode 14.0";
			developmentRegion = en;
			hasScannedForEncodings = 0;
			knownRegions = (
				en,
				Base,
			);
			mainGroup = 251EF6C52944ABBE0010F5C1;
			productRefGroup = 251EF6CF2944ABBE0010F5C1 /* Products */;
			projectDirPath = "";
			projectRoot = "";
			targets = (
				251EF6CD2944ABBE0010F5C1 /* NissyCode */,
			);
		};
/* End PBXProject section */

/* Begin PBXResourcesBuildPhase section */
		251EF6CC2944ABBE0010F5C1 /* Resources */ = {
			isa = PBXResourcesBuildPhase;
			buildActionMask = 2147483647;
			files = (
				251EF6DE2944ABC10010F5C1 /* LaunchScreen.storyboard in Resources */,
				254D6361295A9B1C00A8370A /* FormalTableViewCell.xib in Resources */,
				25326ABB2977E66400A18EB8 /* CasTableViewCell.xib in Resources */,
				251EF6DB2944ABC10010F5C1 /* Assets.xcassets in Resources */,
				251EF6D92944ABBE0010F5C1 /* Main.storyboard in Resources */,
				252A5E63297FDA4B007376C1 /* FavoriteTableViewCell.xib in Resources */,
			);
			runOnlyForDeploymentPostprocessing = 0;
		};
/* End PBXResourcesBuildPhase section */

/* Begin PBXShellScriptBuildPhase section */
		31EDC7300835F8DBDC7D3C06 /* [CP] Check Pods Manifest.lock */ = {
			isa = PBXShellScriptBuildPhase;
			buildActionMask = 2147483647;
			files = (
			);
			inputFileListPaths = (
			);
			inputPaths = (
				"${PODS_PODFILE_DIR_PATH}/Podfile.lock",
				"${PODS_ROOT}/Manifest.lock",
			);
			name = "[CP] Check Pods Manifest.lock";
			outputFileListPaths = (
			);
			outputPaths = (
				"$(DERIVED_FILE_DIR)/Pods-NissyCode-checkManifestLockResult.txt",
			);
			runOnlyForDeploymentPostprocessing = 0;
			shellPath = /bin/sh;
			shellScript = "diff \"${PODS_PODFILE_DIR_PATH}/Podfile.lock\" \"${PODS_ROOT}/Manifest.lock\" > /dev/null\nif [ $? != 0 ] ; then\n    # print error to STDERR\n    echo \"error: The sandbox is not in sync with the Podfile.lock. Run 'pod install' or update your CocoaPods installation.\" >&2\n    exit 1\nfi\n# This output is used by Xcode 'outputs' to avoid re-running this script phase.\necho \"SUCCESS\" > \"${SCRIPT_OUTPUT_FILE_0}\"\n";
			showEnvVarsInLog = 0;
		};
		FA4CCB99EAC8FB9C4BBC71DD /* [CP] Embed Pods Frameworks */ = {
			isa = PBXShellScriptBuildPhase;
			buildActionMask = 2147483647;
			files = (
			);
			inputFileListPaths = (
				"${PODS_ROOT}/Target Support Files/Pods-NissyCode/Pods-NissyCode-frameworks-${CONFIGURATION}-input-files.xcfilelist",
			);
			name = "[CP] Embed Pods Frameworks";
			outputFileListPaths = (
				"${PODS_ROOT}/Target Support Files/Pods-NissyCode/Pods-NissyCode-frameworks-${CONFIGURATION}-output-files.xcfilelist",
			);
			runOnlyForDeploymentPostprocessing = 0;
			shellPath = /bin/sh;
			shellScript = "\"${PODS_ROOT}/Target Support Files/Pods-NissyCode/Pods-NissyCode-frameworks.sh\"\n";
			showEnvVarsInLog = 0;
		};
/* End PBXShellScriptBuildPhase section */

/* Begin PBXSourcesBuildPhase section */
		251EF6CA2944ABBE0010F5C1 /* Sources */ = {
			isa = PBXSourcesBuildPhase;
			buildActionMask = 2147483647;
			files = (
				251EF6D62944ABBE0010F5C1 /* MainTabBarController.swift in Sources */,
				254D635D295A928400A8370A /* ApparelDataModel.swift in Sources */,
				251EF6D22944ABBE0010F5C1 /* AppDelegate.swift in Sources */,
				251EF6D42944ABBE0010F5C1 /* SceneDelegate.swift in Sources */,
				254D6367295AF61100A8370A /* FormalTableViewController.swift in Sources */,
				25326ABD297A99E500A18EB8 /* FavoriteTableView.swift in Sources */,
				25326ABA2977E66400A18EB8 /* CasTableViewCell.swift in Sources */,
				254D6364295AF51500A8370A /* FormalTableViewCell.swift in Sources */,
				254D6369295B2F2600A8370A /* CasualTableViewController.swift in Sources */,
				252A5E62297FDA4B007376C1 /* FavoriteTableViewCell.swift in Sources */,
			);
			runOnlyForDeploymentPostprocessing = 0;
		};
/* End PBXSourcesBuildPhase section */

/* Begin PBXVariantGroup section */
		251EF6D72944ABBE0010F5C1 /* Main.storyboard */ = {
			isa = PBXVariantGroup;
			children = (
				251EF6D82944ABBE0010F5C1 /* Base */,
			);
			name = Main.storyboard;
			sourceTree = "<group>";
		};
		251EF6DC2944ABC10010F5C1 /* LaunchScreen.storyboard */ = {
			isa = PBXVariantGroup;
			children = (
				251EF6DD2944ABC10010F5C1 /* Base */,
			);
			name = LaunchScreen.storyboard;
			sourceTree = "<group>";
		};
/* End PBXVariantGroup section */

/* Begin XCBuildConfiguration section */
		251EF6E02944ABC10010F5C1 /* Debug */ = {
			isa = XCBuildConfiguration;
			buildSettings = {
				ALWAYS_SEARCH_USER_PATHS = NO;
				CLANG_ANALYZER_NONNULL = YES;
				CLANG_ANALYZER_NUMBER_OBJECT_CONVERSION = YES_AGGRESSIVE;
				CLANG_CXX_LANGUAGE_STANDARD = "gnu++20";
				CLANG_ENABLE_MODULES = YES;
				CLANG_ENABLE_OBJC_ARC = YES;
				CLANG_ENABLE_OBJC_WEAK = YES;
				CLANG_WARN_BLOCK_CAPTURE_AUTORELEASING = YES;
				CLANG_WARN_BOOL_CONVERSION = YES;
				CLANG_WARN_COMMA = YES;
				CLANG_WARN_CONSTANT_CONVERSION = YES;
				CLANG_WARN_DEPRECATED_OBJC_IMPLEMENTATIONS = YES;
				CLANG_WARN_DIRECT_OBJC_ISA_USAGE = YES_ERROR;
				CLANG_WARN_DOCUMENTATION_COMMENTS = YES;
				CLANG_WARN_EMPTY_BODY = YES;
				CLANG_WARN_ENUM_CONVERSION = YES;
				CLANG_WARN_INFINITE_RECURSION = YES;
				CLANG_WARN_INT_CONVERSION = YES;
				CLANG_WARN_NON_LITERAL_NULL_CONVERSION = YES;
				CLANG_WARN_OBJC_IMPLICIT_RETAIN_SELF = YES;
				CLANG_WARN_OBJC_LITERAL_CONVERSION = YES;
				CLANG_WARN_OBJC_ROOT_CLASS = YES_ERROR;
				CLANG_WARN_QUOTED_INCLUDE_IN_FRAMEWORK_HEADER = YES;
				CLANG_WARN_RANGE_LOOP_ANALYSIS = YES;
				CLANG_WARN_STRICT_PROTOTYPES = YES;
				CLANG_WARN_SUSPICIOUS_MOVE = YES;
				CLANG_WARN_UNGUARDED_AVAILABILITY = YES_AGGRESSIVE;
				CLANG_WARN_UNREACHABLE_CODE = YES;
				CLANG_WARN__DUPLICATE_METHOD_MATCH = YES;
				COPY_PHASE_STRIP = NO;
				DEBUG_INFORMATION_FORMAT = dwarf;
				ENABLE_STRICT_OBJC_MSGSEND = YES;
				ENABLE_TESTABILITY = YES;
				GCC_C_LANGUAGE_STANDARD = gnu11;
				GCC_DYNAMIC_NO_PIC = NO;
				GCC_NO_COMMON_BLOCKS = YES;
				GCC_OPTIMIZATION_LEVEL = 0;
				GCC_PREPROCESSOR_DEFINITIONS = (
					"DEBUG=1",
					"$(inherited)",
				);
				GCC_WARN_64_TO_32_BIT_CONVERSION = YES;
				GCC_WARN_ABOUT_RETURN_TYPE = YES_ERROR;
				GCC_WARN_UNDECLARED_SELECTOR = YES;
				GCC_WARN_UNINITIALIZED_AUTOS = YES_AGGRESSIVE;
				GCC_WARN_UNUSED_FUNCTION = YES;
				GCC_WARN_UNUSED_VARIABLE = YES;
				IPHONEOS_DEPLOYMENT_TARGET = 16.1;
				MTL_ENABLE_DEBUG_INFO = INCLUDE_SOURCE;
				MTL_FAST_MATH = YES;
				ONLY_ACTIVE_ARCH = YES;
				SDKROOT = iphoneos;
				SWIFT_ACTIVE_COMPILATION_CONDITIONS = DEBUG;
				SWIFT_OPTIMIZATION_LEVEL = "-Onone";
			};
			name = Debug;
		};
		251EF6E12944ABC10010F5C1 /* Release */ = {
			isa = XCBuildConfiguration;
			buildSettings = {
				ALWAYS_SEARCH_USER_PATHS = NO;
				CLANG_ANALYZER_NONNULL = YES;
				CLANG_ANALYZER_NUMBER_OBJECT_CONVERSION = YES_AGGRESSIVE;
				CLANG_CXX_LANGUAGE_STANDARD = "gnu++20";
				CLANG_ENABLE_MODULES = YES;
				CLANG_ENABLE_OBJC_ARC = YES;
				CLANG_ENABLE_OBJC_WEAK = YES;
				CLANG_WARN_BLOCK_CAPTURE_AUTORELEASING = YES;
				CLANG_WARN_BOOL_CONVERSION = YES;
				CLANG_WARN_COMMA = YES;
				CLANG_WARN_CONSTANT_CONVERSION = YES;
				CLANG_WARN_DEPRECATED_OBJC_IMPLEMENTATIONS = YES;
				CLANG_WARN_DIRECT_OBJC_ISA_USAGE = YES_ERROR;
				CLANG_WARN_DOCUMENTATION_COMMENTS = YES;
				CLANG_WARN_EMPTY_BODY = YES;
				CLANG_WARN_ENUM_CONVERSION = YES;
				CLANG_WARN_INFINITE_RECURSION = YES;
				CLANG_WARN_INT_CONVERSION = YES;
				CLANG_WARN_NON_LITERAL_NULL_CONVERSION = YES;
				CLANG_WARN_OBJC_IMPLICIT_RETAIN_SELF = YES;
				CLANG_WARN_OBJC_LITERAL_CONVERSION = YES;
				CLANG_WARN_OBJC_ROOT_CLASS = YES_ERROR;
				CLANG_WARN_QUOTED_INCLUDE_IN_FRAMEWORK_HEADER = YES;
				CLANG_WARN_RANGE_LOOP_ANALYSIS = YES;
				CLANG_WARN_STRICT_PROTOTYPES = YES;
				CLANG_WARN_SUSPICIOUS_MOVE = YES;
				CLANG_WARN_UNGUARDED_AVAILABILITY = YES_AGGRESSIVE;
				CLANG_WARN_UNREACHABLE_CODE = YES;
				CLANG_WARN__DUPLICATE_METHOD_MATCH = YES;
				COPY_PHASE_STRIP = NO;
				DEBUG_INFORMATION_FORMAT = "dwarf-with-dsym";
				ENABLE_NS_ASSERTIONS = NO;
				ENABLE_STRICT_OBJC_MSGSEND = YES;
				GCC_C_LANGUAGE_STANDARD = gnu11;
				GCC_NO_COMMON_BLOCKS = YES;
				GCC_WARN_64_TO_32_BIT_CONVERSION = YES;
				GCC_WARN_ABOUT_RETURN_TYPE = YES_ERROR;
				GCC_WARN_UNDECLARED_SELECTOR = YES;
				GCC_WARN_UNINITIALIZED_AUTOS = YES_AGGRESSIVE;
				GCC_WARN_UNUSED_FUNCTION = YES;
				GCC_WARN_UNUSED_VARIABLE = YES;
				IPHONEOS_DEPLOYMENT_TARGET = 16.1;
				MTL_ENABLE_DEBUG_INFO = NO;
				MTL_FAST_MATH = YES;
				SDKROOT = iphoneos;
				SWIFT_COMPILATION_MODE = wholemodule;
				SWIFT_OPTIMIZATION_LEVEL = "-O";
				VALIDATE_PRODUCT = YES;
			};
			name = Release;
		};
		251EF6E32944ABC10010F5C1 /* Debug */ = {
			isa = XCBuildConfiguration;
			baseConfigurationReference = 3E1702E693E644E57C5061D4 /* Pods-NissyCode.debug.xcconfig */;
			buildSettings = {
				ASSETCATALOG_COMPILER_APPICON_NAME = AppIcon;
				ASSETCATALOG_COMPILER_GLOBAL_ACCENT_COLOR_NAME = AccentColor;
				CODE_SIGN_STYLE = Automatic;
				CURRENT_PROJECT_VERSION = 3;
				DEVELOPMENT_TEAM = ZG24H73KPY;
				GENERATE_INFOPLIST_FILE = YES;
				INFOPLIST_FILE = NissyCode/Info.plist;
				INFOPLIST_KEY_CFBundleDisplayName = "N-code";
				INFOPLIST_KEY_UIApplicationSupportsIndirectInputEvents = YES;
				INFOPLIST_KEY_UILaunchStoryboardName = LaunchScreen;
				INFOPLIST_KEY_UIMainStoryboardFile = Main;
				INFOPLIST_KEY_UISupportedInterfaceOrientations = UIInterfaceOrientationPortrait;
				INFOPLIST_KEY_UIUserInterfaceStyle = Light;
				LD_RUNPATH_SEARCH_PATHS = (
					"$(inherited)",
					"@executable_path/Frameworks",
				);
				MARKETING_VERSION = 1.1;
				PRODUCT_BUNDLE_IDENTIFIER = "tryte5-icloud.com.NissyCode";
				PRODUCT_NAME = "$(TARGET_NAME)";
				SUPPORTED_PLATFORMS = "iphoneos iphonesimulator";
				SUPPORTS_MACCATALYST = NO;
				SUPPORTS_MAC_DESIGNED_FOR_IPHONE_IPAD = YES;
				SWIFT_EMIT_LOC_STRINGS = YES;
				SWIFT_VERSION = 5.0;
				TARGETED_DEVICE_FAMILY = 1;
			};
			name = Debug;
		};
		251EF6E42944ABC10010F5C1 /* Release */ = {
			isa = XCBuildConfiguration;
			baseConfigurationReference = 49DCB1FBB3B1CB46276A7060 /* Pods-NissyCode.release.xcconfig */;
			buildSettings = {
				ASSETCATALOG_COMPILER_APPICON_NAME = AppIcon;
				ASSETCATALOG_COMPILER_GLOBAL_ACCENT_COLOR_NAME = AccentColor;
				CODE_SIGN_STYLE = Automatic;
				CURRENT_PROJECT_VERSION = 3;
				DEVELOPMENT_TEAM = ZG24H73KPY;
				GENERATE_INFOPLIST_FILE = YES;
				INFOPLIST_FILE = NissyCode/Info.plist;
				INFOPLIST_KEY_CFBundleDisplayName = "N-code";
				INFOPLIST_KEY_UIApplicationSupportsIndirectInputEvents = YES;
				INFOPLIST_KEY_UILaunchStoryboardName = LaunchScreen;
				INFOPLIST_KEY_UIMainStoryboardFile = Main;
				INFOPLIST_KEY_UISupportedInterfaceOrientations = UIInterfaceOrientationPortrait;
				INFOPLIST_KEY_UIUserInterfaceStyle = Light;
				LD_RUNPATH_SEARCH_PATHS = (
					"$(inherited)",
					"@executable_path/Frameworks",
				);
				MARKETING_VERSION = 1.1;
				PRODUCT_BUNDLE_IDENTIFIER = "tryte5-icloud.com.NissyCode";
				PRODUCT_NAME = "$(TARGET_NAME)";
				SUPPORTED_PLATFORMS = "iphoneos iphonesimulator";
				SUPPORTS_MACCATALYST = NO;
				SUPPORTS_MAC_DESIGNED_FOR_IPHONE_IPAD = YES;
				SWIFT_EMIT_LOC_STRINGS = YES;
				SWIFT_VERSION = 5.0;
				TARGETED_DEVICE_FAMILY = 1;
			};
			name = Release;
		};
/* End XCBuildConfiguration section */

/* Begin XCConfigurationList section */
		251EF6C92944ABBE0010F5C1 /* Build configuration list for PBXProject "NissyCode" */ = {
			isa = XCConfigurationList;
			buildConfigurations = (
				251EF6E02944ABC10010F5C1 /* Debug */,
				251EF6E12944ABC10010F5C1 /* Release */,
			);
			defaultConfigurationIsVisible = 0;
			defaultConfigurationName = Release;
		};
		251EF6E22944ABC10010F5C1 /* Build configuration list for PBXNativeTarget "NissyCode" */ = {
			isa = XCConfigurationList;
			buildConfigurations = (
				251EF6E32944ABC10010F5C1 /* Debug */,
				251EF6E42944ABC10010F5C1 /* Release */,
			);
			defaultConfigurationIsVisible = 0;
			defaultConfigurationName = Release;
		};
/* End XCConfigurationList section */
	};
	rootObject = 251EF6C62944ABBE0010F5C1 /* Project object */;
}
